{
    "_readme": [
        "This file locks the dependencies of your project to a known state",
        "Read more about it at https://getcomposer.org/doc/01-basic-usage.md#installing-dependencies",
        "This file is @generated automatically"
    ],
    "content-hash": "a5c3d64743bf8ec71bd0bdde91a16493",
    "packages": [
        {
            "name": "mestrona/aqbanking-php",
            "version": "4.0.1",
            "source": {
                "type": "git",
                "url": "https://github.com/Mestrona/aqbanking-php.git",
                "reference": "5894955a864ed84d8d68fc574d38d0fb5cb0cbe2"
            },
            "dist": {
                "type": "zip",
                "url": "https://api.github.com/repos/Mestrona/aqbanking-php/zipball/5894955a864ed84d8d68fc574d38d0fb5cb0cbe2",
                "reference": "5894955a864ed84d8d68fc574d38d0fb5cb0cbe2",
                "shasum": ""
            },
            "require": {
                "ext-dom": "*",
                "ext-simplexml": "*",
                "moneyphp/money": "^4.3",
                "php": "^8.1"
            },
            "replace": {
                "juit/aqbanking-php": "*"
            },
            "require-dev": {
                "mikey179/vfsstream": "^1.6",
                "mockery/mockery": "*",
                "phpstan/phpstan": "^1.10",
                "phpunit/phpunit": "^10.5",
                "symplify/easy-coding-standard": "^12.0"
            },
            "type": "library",
            "autoload": {
                "psr-4": {
                    "AqBanking\\": "src/"
                }
            },
            "notification-url": "https://packagist.org/downloads/",
            "license": [
                "MIT"
            ],
            "authors": [
                {
                    "name": "Jan Unger",
                    "email": "ju@juit.de",
                    "homepage": "https://juit.de",
                    "role": "developer"
                },
                {
                    "name": "Alexander Menk",
                    "email": "menk@mestrona.net",
                    "homepage": "https://mestrona.net",
                    "role": "maintainer"
                }
            ],
            "description": "A wrapper to use AqBanking CLI from a PHP context",
            "support": {
                "issues": "https://github.com/Mestrona/aqbanking-php/issues",
                "source": "https://github.com/Mestrona/aqbanking-php/tree/4.0.1"
            },
            "time": "2023-12-30T08:39:50+00:00"
        },
        {
            "name": "moneyphp/money",
            "version": "v4.3.0",
            "source": {
                "type": "git",
                "url": "https://github.com/moneyphp/money.git",
                "reference": "50ddfd15b2be01d4bed3bcb0c975a6af5f78a183"
            },
            "dist": {
                "type": "zip",
                "url": "https://api.github.com/repos/moneyphp/money/zipball/50ddfd15b2be01d4bed3bcb0c975a6af5f78a183",
                "reference": "50ddfd15b2be01d4bed3bcb0c975a6af5f78a183",
                "shasum": ""
            },
            "require": {
                "ext-bcmath": "*",
                "ext-filter": "*",
                "ext-json": "*",
                "php": "~8.0.0 || ~8.1.0 || ~8.2.0 || ~8.3.0"
            },
            "require-dev": {
                "cache/taggable-cache": "^1.1.0",
                "doctrine/coding-standard": "^9.0",
                "doctrine/instantiator": "^1.4.0",
                "ext-gmp": "*",
                "ext-intl": "*",
                "florianv/exchanger": "^2.6.3",
                "florianv/swap": "^4.3.0",
                "moneyphp/crypto-currencies": "^1.0.0",
                "moneyphp/iso-currencies": "^3.2.1",
                "php-http/message": "^1.11.0",
                "php-http/mock-client": "^1.4.1",
                "phpbench/phpbench": "^1.2.5",
                "phpunit/phpunit": "^9.5.4",
                "psalm/plugin-phpunit": "^0.18.4",
                "psr/cache": "^1.0.1",
                "vimeo/psalm": "~5.15.0"
            },
            "suggest": {
                "ext-gmp": "Calculate without integer limits",
                "ext-intl": "Format Money objects with intl",
                "florianv/exchanger": "Exchange rates library for PHP",
                "florianv/swap": "Exchange rates library for PHP",
                "psr/cache-implementation": "Used for Currency caching"
            },
            "type": "library",
            "extra": {
                "branch-alias": {
                    "dev-master": "3.x-dev"
                }
            },
            "autoload": {
                "psr-4": {
                    "Money\\": "src/"
                }
            },
            "notification-url": "https://packagist.org/downloads/",
            "license": [
                "MIT"
            ],
            "authors": [
                {
                    "name": "Mathias Verraes",
                    "email": "mathias@verraes.net",
                    "homepage": "http://verraes.net"
                },
                {
                    "name": "Márk Sági-Kazár",
                    "email": "mark.sagikazar@gmail.com"
                },
                {
                    "name": "Frederik Bosch",
                    "email": "f.bosch@genkgo.nl"
                }
            ],
            "description": "PHP implementation of Fowler's Money pattern",
            "homepage": "http://moneyphp.org",
            "keywords": [
                "Value Object",
                "money",
                "vo"
            ],
            "support": {
                "issues": "https://github.com/moneyphp/money/issues",
                "source": "https://github.com/moneyphp/money/tree/v4.3.0"
            },
            "time": "2023-11-22T09:46:30+00:00"
        }
    ],
    "packages-dev": [],
    "aliases": [],
    "minimum-stability": "stable",
    "stability-flags": [],
    "prefer-stable": false,
    "prefer-lowest": false,
    "platform": [],
    "platform-dev": [],
    "plugin-api-version": "2.6.0"
}
