{
    "_readme": [
        "This file locks the dependencies of your project to a known state",
        "Read more about it at https://getcomposer.org/doc/01-basic-usage.md#installing-dependencies",
        "This file is @generated automatically"
    ],
    "content-hash": "8577740734291b1c11fb0e1fa6bf1665",
    "packages": [
        {
            "name": "mathiasverraes/money",
            "version": "1.2.0",
            "source": {
                "type": "git",
                "url": "https://github.com/moneyphp/money.git",
                "reference": "58035dfd64f588239e8af12e2e3c9da408b0ddfa"
            },
            "dist": {
                "type": "zip",
                "url": "https://api.github.com/repos/moneyphp/money/zipball/58035dfd64f588239e8af12e2e3c9da408b0ddfa",
                "reference": "58035dfd64f588239e8af12e2e3c9da408b0ddfa",
                "shasum": ""
            },
            "require": {
                "php": ">=5.3.3"
            },
            "require-dev": {
                "phpunit/phpunit": "3.7.*"
            },
            "suggest": {
                "pink-tie/money-bundle": "For Symfony integration."
            },
            "type": "library",
            "extra": {
                "branch-alias": {
                    "dev-master": "1.3.x-dev"
                }
            },
            "autoload": {
                "psr-0": {
                    "Money": "lib"
                }
            },
            "notification-url": "https://packagist.org/downloads/",
            "license": [
                "MIT"
            ],
            "authors": [
                {
                    "name": "Mathias Verraes",
                    "email": "mathias@verraes.net"
                }
            ],
            "description": "PHP implementation of Fowler's Money pattern",
            "homepage": "http://verraes.net/2011/04/fowler-money-pattern-in-php/",
            "keywords": [
                "Generic Sub-domain",
                "Value Object",
                "money"
            ],
            "abandoned": "moneyphp/money",
            "time": "2013-04-12T23:10:48+00:00"
        },
        {
            "name": "mestrona/aqbanking-php",
            "version": "0.4.0",
            "source": {
                "type": "git",
                "url": "https://github.com/Mestrona/aqbanking-php.git",
                "reference": "aa94a3cacee0ecdc9a4999c637958ef73ad2aa28"
            },
            "dist": {
                "type": "zip",
                "url": "https://api.github.com/repos/Mestrona/aqbanking-php/zipball/aa94a3cacee0ecdc9a4999c637958ef73ad2aa28",
                "reference": "aa94a3cacee0ecdc9a4999c637958ef73ad2aa28",
                "shasum": ""
            },
            "require": {
                "mathiasverraes/money": "1.2.0",
                "php": ">=5.3.0"
            },
            "replace": {
                "juit/aqbanking-php": "*"
            },
            "require-dev": {
                "mikey179/vfsstream": "v1.2.0",
                "mockery/mockery": "dev-master",
                "phpunit/phpunit": "3.7.*"
            },
            "type": "library",
            "autoload": {
                "psr-0": {
                    "": "src/"
                }
            },
            "notification-url": "https://packagist.org/downloads/",
            "license": [
                "MIT"
            ],
            "authors": [
                {
                    "name": "Jan Unger",
                    "email": "ju@juit.de",
                    "homepage": "http://juit.de",
                    "role": "developer"
                },
                {
                    "name": "Alexander Menk",
                    "email": "menk@mestrona.net",
                    "homepage": "http://mestrona.net",
                    "role": "maintainer"
                }
            ],
            "description": "A wrapper to use AqBanking CLI from a PHP context",
            "time": "2020-08-22T12:02:40+00:00"
        }
    ],
    "packages-dev": [],
    "aliases": [],
    "minimum-stability": "stable",
    "stability-flags": [],
    "prefer-stable": false,
    "prefer-lowest": false,
    "platform": [],
    "platform-dev": [],
    "plugin-api-version": "1.1.0"
}
